
Microsoft Visual Studio Solution File, Format Version 12.00
# Visual Studio Version 16
VisualStudioVersion = 16.0.30804.86
MinimumVisualStudioVersion = 10.0.40219.1
Project("{8BC9CEB8-8B4A-11D0-8D11-00A0C91BC942}") = "VolRender", "VolRender\VolRender.vcxproj", "{B0A4536B-B235-48DD-9E3D-E6ADDF999636}"
EndProject
Project("{8BC9CEB8-8B4A-11D0-8D11-00A0C91BC942}") = "SliceRender", "SliceRender\SliceRender.vcxproj", "{AA09C3E0-92EE-4946-9ED7-C7D59EE22C07}"
EndProject
Global
	GlobalSection(SolutionConfigurationPlatforms) = preSolution
		Debug|x64 = Debug|x64
		Debug|x86 = Debug|x86
		Release|x64 = Release|x64
		Release|x86 = Release|x86
	EndGlobalSection
	GlobalSection(ProjectConfigurationPlatforms) = postSolution
		{B0A4536B-B235-48DD-9E3D-E6ADDF999636}.Debug|x64.ActiveCfg = Debug|x64
		{B0A4536B-B235-48DD-9E3D-E6ADDF999636}.Debug|x64.Build.0 = Debug|x64
		{B0A4536B-B235-48DD-9E3D-E6ADDF999636}.Debug|x86.ActiveCfg = Debug|Win32
		{B0A4536B-B235-48DD-9E3D-E6ADDF999636}.Debug|x86.Build.0 = Debug|Win32
		{B0A4536B-B235-48DD-9E3D-E6ADDF999636}.Release|x64.ActiveCfg = Release|x64
		{B0A4536B-B235-48DD-9E3D-E6ADDF999636}.Release|x64.Build.0 = Release|x64
		{B0A4536B-B235-48DD-9E3D-E6ADDF999636}.Release|x86.ActiveCfg = Release|Win32
		{B0A4536B-B235-48DD-9E3D-E6ADDF999636}.Release|x86.Build.0 = Release|Win32
		{AA09C3E0-92EE-4946-9ED7-C7D59EE22C07}.Debug|x64.ActiveCfg = Debug|x64
		{AA09C3E0-92EE-4946-9ED7-C7D59EE22C07}.Debug|x64.Build.0 = Debug|x64
		{AA09C3E0-92EE-4946-9ED7-C7D59EE22C07}.Debug|x86.ActiveCfg = Debug|Win32
		{AA09C3E0-92EE-4946-9ED7-C7D59EE22C07}.Debug|x86.Build.0 = Debug|Win32
		{AA09C3E0-92EE-4946-9ED7-C7D59EE22C07}.Release|x64.ActiveCfg = Release|x64
		{AA09C3E0-92EE-4946-9ED7-C7D59EE22C07}.Release|x64.Build.0 = Release|x64
		{AA09C3E0-92EE-4946-9ED7-C7D59EE22C07}.Release|x86.ActiveCfg = Release|Win32
		{AA09C3E0-92EE-4946-9ED7-C7D59EE22C07}.Release|x86.Build.0 = Release|Win32
	EndGlobalSection
	GlobalSection(SolutionProperties) = preSolution
		HideSolutionNode = FALSE
	EndGlobalSection
	GlobalSection(ExtensibilityGlobals) = postSolution
		SolutionGuid = {2099F05F-5440-46AC-8D8B-2B6237944F41}
	EndGlobalSection
EndGlobal
